
Microsoft Visual Studio Solution File, Format Version 12.00
# Visual Studio Version 17
VisualStudioVersion = 17.0.31919.166
MinimumVisualStudioVersion = 10.0.40219.1
Project("{2150E333-8FDC-42A3-9474-1A3956D46DE8}") = "Subtitles", "Subtitles", "{287A39C8-C393-4446-A2C6-7A0EDBFDC64C}"
	ProjectSection(SolutionItems) = preProject
		Subtitles\Create new Subtitle Project.ps1 = Subtitles\Create new Subtitle Project.ps1
	EndProjectSection
EndProject
Project("{2150E333-8FDC-42A3-9474-1A3956D46DE8}") = "Solution Items", "Solution Items", "{A8A0B8FE-BBD3-43F5-AE1C-764EFEABFA58}"
	ProjectSection(SolutionItems) = preProject
		.editorconfig = .editorconfig
		ZipProjectBuild.ps1 = ZipProjectBuild.ps1
	EndProjectSection
EndProject
Project("{2150E333-8FDC-42A3-9474-1A3956D46DE8}") = "Manifest", "Manifest", "{2D3B710D-70EE-4AB5-94D4-8B3FA76B9C51}"
	ProjectSection(SolutionItems) = preProject
		Manifest\n0tFlix-Manifest-Template.json = Manifest\n0tFlix-Manifest-Template.json
	EndProjectSection
EndProject
Project("{2150E333-8FDC-42A3-9474-1A3956D46DE8}") = "Externals", "Externals", "{C787EDB7-02D0-47BF-BB3F-35D9D5CA5769}"
EndProject
Project("{9A19103F-16F7-4668-BE54-9A1E7A4F7556}") = "AngleSharp.Core", "Externals\AngleSharp\AngleSharp.Core.csproj", "{DA532ACF-6E0F-42F9-BE6F-E76003D3F75B}"
EndProject
Project("{2150E333-8FDC-42A3-9474-1A3956D46DE8}") = "Channels", "Channels", "{1C1FA51D-2703-4098-91EC-4152FEC74888}"
EndProject
Project("{9A19103F-16F7-4668-BE54-9A1E7A4F7556}") = "n0tFlix.Plugin.Yifi", "Subtitles\n0tFlix.Plugin.Yifi\n0tFlix.Plugin.Yifi.csproj", "{70F0CD04-5562-4001-BE71-17FC323D53F8}"
EndProject
Project("{2150E333-8FDC-42A3-9474-1A3956D46DE8}") = "API", "API", "{ED6B6391-BCB0-48CF-AD1D-57BD4445F3A3}"
EndProject
Project("{FAE04EC0-301F-11D3-BF4B-00C04F79EFBC}") = "n0tFlix.Plugin.YoutubeDL", "API\n0tFlix.Plugin.YoutubeDL\n0tFlix.Plugin.YoutubeDL.csproj", "{65F3AC54-ECFC-4295-9364-B505E07C916A}"
EndProject
Project("{9A19103F-16F7-4668-BE54-9A1E7A4F7556}") = "n0tFlix.Plugin.Podnapisi", "Subtitles\n0tFlix.Plugin.Podnapisi\n0tFlix.Plugin.Podnapisi.csproj", "{43064D51-0CAF-4000-B76E-5F72ECD7BD3A}"
EndProject
Project("{9A19103F-16F7-4668-BE54-9A1E7A4F7556}") = "n0tFlix.Plugin.SubtitleBase", "Subtitles\n0tFlix.Plugin.SubtitleBase\n0tFlix.Plugin.SubtitleBase.csproj", "{03B64C8B-CA14-487A-900F-B5B10BA1734F}"
EndProject
Project("{9A19103F-16F7-4668-BE54-9A1E7A4F7556}") = "n0tFlix.Plugin.NRK", "Channels\n0tFlix.Plugin.NRK\n0tFlix.Plugin.NRK.csproj", "{20D84C2C-47D2-44E2-BA84-34FD4CD240CA}"
EndProject
Project("{9A19103F-16F7-4668-BE54-9A1E7A4F7556}") = "n0tFlix.Plugin.TvSubtitles", "Subtitles\n0tFlix.Plugin.TvSubtitles\n0tFlix.Plugin.TvSubtitles.csproj", "{828B56FA-7E9F-40F1-AF53-B217DE31B6BF}"
EndProject
Project("{2150E333-8FDC-42A3-9474-1A3956D46DE8}") = "test", "test", "{914F237F-A6FD-42B2-BF96-00527868C10E}"
EndProject
Project("{FAE04EC0-301F-11D3-BF4B-00C04F79EFBC}") = "nrk serializer", "nrk serializer\nrk serializer.csproj", "{8495D7C9-C194-40DC-846F-3A6D0C7428D3}"
EndProject
Global
	GlobalSection(SolutionConfigurationPlatforms) = preSolution
		Debug|Any CPU = Debug|Any CPU
		Release|Any CPU = Release|Any CPU
	EndGlobalSection
	GlobalSection(ProjectConfigurationPlatforms) = postSolution
		{DA532ACF-6E0F-42F9-BE6F-E76003D3F75B}.Debug|Any CPU.ActiveCfg = Debug|Any CPU
		{DA532ACF-6E0F-42F9-BE6F-E76003D3F75B}.Debug|Any CPU.Build.0 = Debug|Any CPU
		{DA532ACF-6E0F-42F9-BE6F-E76003D3F75B}.Release|Any CPU.ActiveCfg = Release|Any CPU
		{DA532ACF-6E0F-42F9-BE6F-E76003D3F75B}.Release|Any CPU.Build.0 = Release|Any CPU
		{70F0CD04-5562-4001-BE71-17FC323D53F8}.Debug|Any CPU.ActiveCfg = Debug|Any CPU
		{70F0CD04-5562-4001-BE71-17FC323D53F8}.Debug|Any CPU.Build.0 = Debug|Any CPU
		{70F0CD04-5562-4001-BE71-17FC323D53F8}.Release|Any CPU.ActiveCfg = Release|Any CPU
		{70F0CD04-5562-4001-BE71-17FC323D53F8}.Release|Any CPU.Build.0 = Release|Any CPU
		{65F3AC54-ECFC-4295-9364-B505E07C916A}.Debug|Any CPU.ActiveCfg = Debug|Any CPU
		{65F3AC54-ECFC-4295-9364-B505E07C916A}.Debug|Any CPU.Build.0 = Debug|Any CPU
		{65F3AC54-ECFC-4295-9364-B505E07C916A}.Release|Any CPU.ActiveCfg = Release|Any CPU
		{65F3AC54-ECFC-4295-9364-B505E07C916A}.Release|Any CPU.Build.0 = Release|Any CPU
		{43064D51-0CAF-4000-B76E-5F72ECD7BD3A}.Debug|Any CPU.ActiveCfg = Debug|Any CPU
		{43064D51-0CAF-4000-B76E-5F72ECD7BD3A}.Debug|Any CPU.Build.0 = Debug|Any CPU
		{43064D51-0CAF-4000-B76E-5F72ECD7BD3A}.Release|Any CPU.ActiveCfg = Release|Any CPU
		{43064D51-0CAF-4000-B76E-5F72ECD7BD3A}.Release|Any CPU.Build.0 = Release|Any CPU
		{03B64C8B-CA14-487A-900F-B5B10BA1734F}.Debug|Any CPU.ActiveCfg = Debug|Any CPU
		{03B64C8B-CA14-487A-900F-B5B10BA1734F}.Debug|Any CPU.Build.0 = Debug|Any CPU
		{03B64C8B-CA14-487A-900F-B5B10BA1734F}.Release|Any CPU.ActiveCfg = Release|Any CPU
		{03B64C8B-CA14-487A-900F-B5B10BA1734F}.Release|Any CPU.Build.0 = Release|Any CPU
		{20D84C2C-47D2-44E2-BA84-34FD4CD240CA}.Debug|Any CPU.ActiveCfg = Debug|Any CPU
		{20D84C2C-47D2-44E2-BA84-34FD4CD240CA}.Debug|Any CPU.Build.0 = Debug|Any CPU
		{20D84C2C-47D2-44E2-BA84-34FD4CD240CA}.Release|Any CPU.ActiveCfg = Release|Any CPU
		{20D84C2C-47D2-44E2-BA84-34FD4CD240CA}.Release|Any CPU.Build.0 = Release|Any CPU
		{828B56FA-7E9F-40F1-AF53-B217DE31B6BF}.Debug|Any CPU.ActiveCfg = Debug|Any CPU
		{828B56FA-7E9F-40F1-AF53-B217DE31B6BF}.Debug|Any CPU.Build.0 = Debug|Any CPU
		{828B56FA-7E9F-40F1-AF53-B217DE31B6BF}.Release|Any CPU.ActiveCfg = Release|Any CPU
		{828B56FA-7E9F-40F1-AF53-B217DE31B6BF}.Release|Any CPU.Build.0 = Release|Any CPU
		{8495D7C9-C194-40DC-846F-3A6D0C7428D3}.Debug|Any CPU.ActiveCfg = Debug|Any CPU
		{8495D7C9-C194-40DC-846F-3A6D0C7428D3}.Debug|Any CPU.Build.0 = Debug|Any CPU
		{8495D7C9-C194-40DC-846F-3A6D0C7428D3}.Release|Any CPU.ActiveCfg = Release|Any CPU
		{8495D7C9-C194-40DC-846F-3A6D0C7428D3}.Release|Any CPU.Build.0 = Release|Any CPU
	EndGlobalSection
	GlobalSection(SolutionProperties) = preSolution
		HideSolutionNode = FALSE
	EndGlobalSection
	GlobalSection(NestedProjects) = preSolution
		{DA532ACF-6E0F-42F9-BE6F-E76003D3F75B} = {C787EDB7-02D0-47BF-BB3F-35D9D5CA5769}
		{70F0CD04-5562-4001-BE71-17FC323D53F8} = {287A39C8-C393-4446-A2C6-7A0EDBFDC64C}
		{65F3AC54-ECFC-4295-9364-B505E07C916A} = {ED6B6391-BCB0-48CF-AD1D-57BD4445F3A3}
		{43064D51-0CAF-4000-B76E-5F72ECD7BD3A} = {287A39C8-C393-4446-A2C6-7A0EDBFDC64C}
		{03B64C8B-CA14-487A-900F-B5B10BA1734F} = {287A39C8-C393-4446-A2C6-7A0EDBFDC64C}
		{20D84C2C-47D2-44E2-BA84-34FD4CD240CA} = {1C1FA51D-2703-4098-91EC-4152FEC74888}
		{828B56FA-7E9F-40F1-AF53-B217DE31B6BF} = {287A39C8-C393-4446-A2C6-7A0EDBFDC64C}
		{8495D7C9-C194-40DC-846F-3A6D0C7428D3} = {914F237F-A6FD-42B2-BF96-00527868C10E}
	EndGlobalSection
	GlobalSection(ExtensibilityGlobals) = postSolution
		SolutionGuid = {7B3A82DB-72D9-428C-B61E-F02F6B2BF1C1}
	EndGlobalSection
EndGlobal
