
Microsoft Visual Studio Solution File, Format Version 12.00
# Visual Studio Version 17
VisualStudioVersion = 17.0.31919.166
MinimumVisualStudioVersion = 10.0.40219.1
Project("{2150E333-8FDC-42A3-9474-1A3956D46DE8}") = "Subtitles", "Subtitles", "{287A39C8-C393-4446-A2C6-7A0EDBFDC64C}"
	ProjectSection(SolutionItems) = preProject
		Subtitles\Create new Subtitle Project.ps1 = Subtitles\Create new Subtitle Project.ps1
	EndProjectSection
EndProject
Project("{9A19103F-16F7-4668-BE54-9A1E7A4F7556}") = "n0tFlix.Plugin.SubtitleBase", "Subtitles\n0tFlix.Plugin.SubtitleBase\n0tFlix.Plugin.SubtitleBase.csproj", "{8F9D7DCF-4211-49CF-BBA9-A469D494FD00}"
EndProject
Project("{2150E333-8FDC-42A3-9474-1A3956D46DE8}") = "Solution Items", "Solution Items", "{A8A0B8FE-BBD3-43F5-AE1C-764EFEABFA58}"
	ProjectSection(SolutionItems) = preProject
		.editorconfig = .editorconfig
		ZipProjectBuild.ps1 = ZipProjectBuild.ps1
	EndProjectSection
EndProject
Project("{2150E333-8FDC-42A3-9474-1A3956D46DE8}") = "Manifest", "Manifest", "{2D3B710D-70EE-4AB5-94D4-8B3FA76B9C51}"
	ProjectSection(SolutionItems) = preProject
		Manifest\n0tFlix-Manifest-Template.json = Manifest\n0tFlix-Manifest-Template.json
	EndProjectSection
EndProject
Project("{2150E333-8FDC-42A3-9474-1A3956D46DE8}") = "Externals", "Externals", "{C787EDB7-02D0-47BF-BB3F-35D9D5CA5769}"
EndProject
Project("{9A19103F-16F7-4668-BE54-9A1E7A4F7556}") = "AngleSharp.Core", "Externals\AngleSharp\AngleSharp.Core.csproj", "{DA532ACF-6E0F-42F9-BE6F-E76003D3F75B}"
EndProject
Project("{2150E333-8FDC-42A3-9474-1A3956D46DE8}") = "Channels", "Channels", "{1C1FA51D-2703-4098-91EC-4152FEC74888}"
EndProject
Project("{FAE04EC0-301F-11D3-BF4B-00C04F79EFBC}") = "n0tFlix.Plugin.ChannelBase", "n0tFlix.Plugin.ChannelBase\n0tFlix.Plugin.ChannelBase.csproj", "{69B8FBD0-E8D9-47A9-BE3F-D0D66C7FE236}"
EndProject
Project("{9A19103F-16F7-4668-BE54-9A1E7A4F7556}") = "n0tFlix.Plugin.Yifi", "Subtitles\n0tFlix.Plugin.Yifi\n0tFlix.Plugin.Yifi.csproj", "{70F0CD04-5562-4001-BE71-17FC323D53F8}"
EndProject
Project("{9A19103F-16F7-4668-BE54-9A1E7A4F7556}") = "n0tFlix.Plugin.TheSubDB", "Subtitles\n0tFlix.Plugin.TheSubDB\n0tFlix.Plugin.TheSubDB.csproj", "{4BFD68D9-8451-42FE-B26D-A8CCD195DED3}"
EndProject
Global
	GlobalSection(SolutionConfigurationPlatforms) = preSolution
		Debug|Any CPU = Debug|Any CPU
		Release|Any CPU = Release|Any CPU
	EndGlobalSection
	GlobalSection(ProjectConfigurationPlatforms) = postSolution
		{8F9D7DCF-4211-49CF-BBA9-A469D494FD00}.Debug|Any CPU.ActiveCfg = Debug|Any CPU
		{8F9D7DCF-4211-49CF-BBA9-A469D494FD00}.Debug|Any CPU.Build.0 = Debug|Any CPU
		{8F9D7DCF-4211-49CF-BBA9-A469D494FD00}.Release|Any CPU.ActiveCfg = Release|Any CPU
		{8F9D7DCF-4211-49CF-BBA9-A469D494FD00}.Release|Any CPU.Build.0 = Release|Any CPU
		{DA532ACF-6E0F-42F9-BE6F-E76003D3F75B}.Debug|Any CPU.ActiveCfg = Debug|Any CPU
		{DA532ACF-6E0F-42F9-BE6F-E76003D3F75B}.Debug|Any CPU.Build.0 = Debug|Any CPU
		{DA532ACF-6E0F-42F9-BE6F-E76003D3F75B}.Release|Any CPU.ActiveCfg = Release|Any CPU
		{DA532ACF-6E0F-42F9-BE6F-E76003D3F75B}.Release|Any CPU.Build.0 = Release|Any CPU
		{69B8FBD0-E8D9-47A9-BE3F-D0D66C7FE236}.Debug|Any CPU.ActiveCfg = Debug|Any CPU
		{69B8FBD0-E8D9-47A9-BE3F-D0D66C7FE236}.Debug|Any CPU.Build.0 = Debug|Any CPU
		{69B8FBD0-E8D9-47A9-BE3F-D0D66C7FE236}.Release|Any CPU.ActiveCfg = Release|Any CPU
		{69B8FBD0-E8D9-47A9-BE3F-D0D66C7FE236}.Release|Any CPU.Build.0 = Release|Any CPU
		{70F0CD04-5562-4001-BE71-17FC323D53F8}.Debug|Any CPU.ActiveCfg = Debug|Any CPU
		{70F0CD04-5562-4001-BE71-17FC323D53F8}.Debug|Any CPU.Build.0 = Debug|Any CPU
		{70F0CD04-5562-4001-BE71-17FC323D53F8}.Release|Any CPU.ActiveCfg = Release|Any CPU
		{70F0CD04-5562-4001-BE71-17FC323D53F8}.Release|Any CPU.Build.0 = Release|Any CPU
		{4BFD68D9-8451-42FE-B26D-A8CCD195DED3}.Debug|Any CPU.ActiveCfg = Debug|Any CPU
		{4BFD68D9-8451-42FE-B26D-A8CCD195DED3}.Debug|Any CPU.Build.0 = Debug|Any CPU
		{4BFD68D9-8451-42FE-B26D-A8CCD195DED3}.Release|Any CPU.ActiveCfg = Release|Any CPU
		{4BFD68D9-8451-42FE-B26D-A8CCD195DED3}.Release|Any CPU.Build.0 = Release|Any CPU
	EndGlobalSection
	GlobalSection(SolutionProperties) = preSolution
		HideSolutionNode = FALSE
	EndGlobalSection
	GlobalSection(NestedProjects) = preSolution
		{8F9D7DCF-4211-49CF-BBA9-A469D494FD00} = {287A39C8-C393-4446-A2C6-7A0EDBFDC64C}
		{DA532ACF-6E0F-42F9-BE6F-E76003D3F75B} = {C787EDB7-02D0-47BF-BB3F-35D9D5CA5769}
		{69B8FBD0-E8D9-47A9-BE3F-D0D66C7FE236} = {1C1FA51D-2703-4098-91EC-4152FEC74888}
		{70F0CD04-5562-4001-BE71-17FC323D53F8} = {287A39C8-C393-4446-A2C6-7A0EDBFDC64C}
		{4BFD68D9-8451-42FE-B26D-A8CCD195DED3} = {287A39C8-C393-4446-A2C6-7A0EDBFDC64C}
	EndGlobalSection
	GlobalSection(ExtensibilityGlobals) = postSolution
		SolutionGuid = {7B3A82DB-72D9-428C-B61E-F02F6B2BF1C1}
	EndGlobalSection
EndGlobal
